
Microsoft Visual Studio Solution File, Format Version 12.00
# Visual Studio Version 16
VisualStudioVersion = 16.0.30320.27
MinimumVisualStudioVersion = 10.0.40219.1
Project("{FAE04EC0-301F-11D3-BF4B-00C04F79EFBC}") = "LoveCalculatorCore", "LoveCalculatorCore\LoveCalculatorCore.csproj", "{58750E67-A7BC-46A5-98DA-47AB63A2A062}"
EndProject
Global
	GlobalSection(SolutionConfigurationPlatforms) = preSolution
		Debug|Any CPU = Debug|Any CPU
		Release|Any CPU = Release|Any CPU
	EndGlobalSection
	GlobalSection(ProjectConfigurationPlatforms) = postSolution
		{58750E67-A7BC-46A5-98DA-47AB63A2A062}.Debug|Any CPU.ActiveCfg = Debug|Any CPU
		{58750E67-A7BC-46A5-98DA-47AB63A2A062}.Debug|Any CPU.Build.0 = Debug|Any CPU
		{58750E67-A7BC-46A5-98DA-47AB63A2A062}.Release|Any CPU.ActiveCfg = Release|Any CPU
		{58750E67-A7BC-46A5-98DA-47AB63A2A062}.Release|Any CPU.Build.0 = Release|Any CPU
	EndGlobalSection
	GlobalSection(SolutionProperties) = preSolution
		HideSolutionNode = FALSE
	EndGlobalSection
	GlobalSection(ExtensibilityGlobals) = postSolution
		SolutionGuid = {D0201C49-A91B-4E77-8184-38B292080B69}
	EndGlobalSection
EndGlobal
